
Microsoft Visual Studio Solution File, Format Version 12.00
# Visual Studio Version 17
VisualStudioVersion = 17.8.34525.116
MinimumVisualStudioVersion = 10.0.40219.1
Project("{FAE04EC0-301F-11D3-BF4B-00C04F79EFBC}") = "Ugulama2Sayfa164", "Ugulama2Sayfa164\Ugulama2Sayfa164.csproj", "{6BD330BE-9577-4DDB-BBE4-F617B6169870}"
EndProject
Global
	GlobalSection(SolutionConfigurationPlatforms) = preSolution
		Debug|Any CPU = Debug|Any CPU
		Release|Any CPU = Release|Any CPU
	EndGlobalSection
	GlobalSection(ProjectConfigurationPlatforms) = postSolution
		{6BD330BE-9577-4DDB-BBE4-F617B6169870}.Debug|Any CPU.ActiveCfg = Debug|Any CPU
		{6BD330BE-9577-4DDB-BBE4-F617B6169870}.Debug|Any CPU.Build.0 = Debug|Any CPU
		{6BD330BE-9577-4DDB-BBE4-F617B6169870}.Release|Any CPU.ActiveCfg = Release|Any CPU
		{6BD330BE-9577-4DDB-BBE4-F617B6169870}.Release|Any CPU.Build.0 = Release|Any CPU
	EndGlobalSection
	GlobalSection(SolutionProperties) = preSolution
		HideSolutionNode = FALSE
	EndGlobalSection
	GlobalSection(ExtensibilityGlobals) = postSolution
		SolutionGuid = {A5217841-3EB4-4369-BBB6-489F16C52A2B}
	EndGlobalSection
EndGlobal
